// !$*UTF8*$!
{
	archiveVersion = 1;
	classes = {
	};
	objectVersion = 55;
	objects = {

/* Begin PBXBuildFile section */
		D05BAEA12844D5260087754A /* SelectedImageView.swift in Sources */ = {isa = PBXBuildFile; fileRef = D05BAEA02844D5260087754A /* SelectedImageView.swift */; };
		D0D034B9284403DA00716FE0 /* HuliPizzaApp.swift in Sources */ = {isa = PBXBuildFile; fileRef = D0D034B8284403DA00716FE0 /* HuliPizzaApp.swift */; };
		D0D034BB284403DA00716FE0 /* ContentView.swift in Sources */ = {isa = PBXBuildFile; fileRef = D0D034BA284403DA00716FE0 /* ContentView.swift */; };
		D0D034BD284403EC00716FE0 /* Assets.xcassets in Resources */ = {isa = PBXBuildFile; fileRef = D0D034BC284403EC00716FE0 /* Assets.xcassets */; };
		D0D034C0284403EC00716FE0 /* Preview Assets.xcassets in Resources */ = {isa = PBXBuildFile; fileRef = D0D034BF284403EC00716FE0 /* Preview Assets.xcassets */; };
		D0D034CC28446AE300716FE0 /* OrderListView.swift in Sources */ = {isa = PBXBuildFile; fileRef = D0D034CB28446AE300716FE0 /* OrderListView.swift */; };
		D0D034CE28446C5600716FE0 /* MenuListView.swift in Sources */ = {isa = PBXBuildFile; fileRef = D0D034CD28446C5600716FE0 /* MenuListView.swift */; };
		D0D034D128446D4900716FE0 /* Header.swift in Sources */ = {isa = PBXBuildFile; fileRef = D0D034D028446D4900716FE0 /* Header.swift */; };
		D0D034D328446F3C00716FE0 /* OrderItem.swift in Sources */ = {isa = PBXBuildFile; fileRef = D0D034D228446F3C00716FE0 /* OrderItem.swift */; };
		D0D034D528446FAA00716FE0 /* MenuItem.swift in Sources */ = {isa = PBXBuildFile; fileRef = D0D034D428446FAA00716FE0 /* MenuItem.swift */; };
		D0D034D72844702A00716FE0 /* RatingView.swift in Sources */ = {isa = PBXBuildFile; fileRef = D0D034D62844702A00716FE0 /* RatingView.swift */; };
		D0D034D92844714300716FE0 /* PageTitleView.swift in Sources */ = {isa = PBXBuildFile; fileRef = D0D034D82844714300716FE0 /* PageTitleView.swift */; };
		D0D034DB2844726900716FE0 /* HistoryPageView.swift in Sources */ = {isa = PBXBuildFile; fileRef = D0D034DA2844726900716FE0 /* HistoryPageView.swift */; };
		D0D034DD284473B600716FE0 /* HistoryItem.swift in Sources */ = {isa = PBXBuildFile; fileRef = D0D034DC284473B600716FE0 /* HistoryItem.swift */; };
		D0D034DF2844751200716FE0 /* HistoryListView.swift in Sources */ = {isa = PBXBuildFile; fileRef = D0D034DE2844751200716FE0 /* HistoryListView.swift */; };
		D0D034E12844768600716FE0 /* ListHeaderView.swift in Sources */ = {isa = PBXBuildFile; fileRef = D0D034E02844768500716FE0 /* ListHeaderView.swift */; };
/* End PBXBuildFile section */

/* Begin PBXFileReference section */
		D05BAEA02844D5260087754A /* SelectedImageView.swift */ = {isa = PBXFileReference; lastKnownFileType = sourcecode.swift; path = SelectedImageView.swift; sourceTree = "<group>"; };
		D0D034B5284403DA00716FE0 /* HuliPizza.app */ = {isa = PBXFileReference; explicitFileType = wrapper.application; includeInIndex = 0; path = HuliPizza.app; sourceTree = BUILT_PRODUCTS_DIR; };
		D0D034B8284403DA00716FE0 /* HuliPizzaApp.swift */ = {isa = PBXFileReference; lastKnownFileType = sourcecode.swift; path = HuliPizzaApp.swift; sourceTree = "<group>"; };
		D0D034BA284403DA00716FE0 /* ContentView.swift */ = {isa = PBXFileReference; lastKnownFileType = sourcecode.swift; path = ContentView.swift; sourceTree = "<group>"; };
		D0D034BC284403EC00716FE0 /* Assets.xcassets */ = {isa = PBXFileReference; lastKnownFileType = folder.assetcatalog; path = Assets.xcassets; sourceTree = "<group>"; };
		D0D034BF284403EC00716FE0 /* Preview Assets.xcassets */ = {isa = PBXFileReference; lastKnownFileType = folder.assetcatalog; path = "Preview Assets.xcassets"; sourceTree = "<group>"; };
		D0D034CB28446AE300716FE0 /* OrderListView.swift */ = {isa = PBXFileReference; lastKnownFileType = sourcecode.swift; path = OrderListView.swift; sourceTree = "<group>"; };
		D0D034CD28446C5600716FE0 /* MenuListView.swift */ = {isa = PBXFileReference; lastKnownFileType = sourcecode.swift; path = MenuListView.swift; sourceTree = "<group>"; };
		D0D034D028446D4900716FE0 /* Header.swift */ = {isa = PBXFileReference; lastKnownFileType = sourcecode.swift; path = Header.swift; sourceTree = "<group>"; };
		D0D034D228446F3C00716FE0 /* OrderItem.swift */ = {isa = PBXFileReference; lastKnownFileType = sourcecode.swift; path = OrderItem.swift; sourceTree = "<group>"; };
		D0D034D428446FAA00716FE0 /* MenuItem.swift */ = {isa = PBXFileReference; lastKnownFileType = sourcecode.swift; path = MenuItem.swift; sourceTree = "<group>"; };
		D0D034D62844702A00716FE0 /* RatingView.swift */ = {isa = PBXFileReference; lastKnownFileType = sourcecode.swift; path = RatingView.swift; sourceTree = "<group>"; };
		D0D034D82844714300716FE0 /* PageTitleView.swift */ = {isa = PBXFileReference; lastKnownFileType = sourcecode.swift; path = PageTitleView.swift; sourceTree = "<group>"; };
		D0D034DA2844726900716FE0 /* HistoryPageView.swift */ = {isa = PBXFileReference; lastKnownFileType = sourcecode.swift; path = HistoryPageView.swift; sourceTree = "<group>"; };
		D0D034DC284473B600716FE0 /* HistoryItem.swift */ = {isa = PBXFileReference; lastKnownFileType = sourcecode.swift; path = HistoryItem.swift; sourceTree = "<group>"; };
		D0D034DE2844751200716FE0 /* HistoryListView.swift */ = {isa = PBXFileReference; lastKnownFileType = sourcecode.swift; path = HistoryListView.swift; sourceTree = "<group>"; };
		D0D034E02844768500716FE0 /* ListHeaderView.swift */ = {isa = PBXFileReference; lastKnownFileType = sourcecode.swift; path = ListHeaderView.swift; sourceTree = "<group>"; };
/* End PBXFileReference section */

/* Begin PBXFrameworksBuildPhase section */
		D0D034B2284403DA00716FE0 /* Frameworks */ = {
			isa = PBXFrameworksBuildPhase;
			buildActionMask = 2147483647;
			files = (
			);
			runOnlyForDeploymentPostprocessing = 0;
		};
/* End PBXFrameworksBuildPhase section */

/* Begin PBXGroup section */
		D0D034AC284403DA00716FE0 = {
			isa = PBXGroup;
			children = (
				D0D034B7284403DA00716FE0 /* HuliPizza */,
				D0D034B6284403DA00716FE0 /* Products */,
			);
			sourceTree = "<group>";
		};
		D0D034B6284403DA00716FE0 /* Products */ = {
			isa = PBXGroup;
			children = (
				D0D034B5284403DA00716FE0 /* HuliPizza.app */,
			);
			name = Products;
			sourceTree = "<group>";
		};
		D0D034B7284403DA00716FE0 /* HuliPizza */ = {
			isa = PBXGroup;
			children = (
				D0D034B8284403DA00716FE0 /* HuliPizzaApp.swift */,
				D0D034BA284403DA00716FE0 /* ContentView.swift */,
				D0D034CF28446D2F00716FE0 /* CommonViews */,
				D0D034C928446A7800716FE0 /* OrderView */,
				D0D034C828446A5C00716FE0 /* MenuView */,
				D0D034C728446A4300716FE0 /* Model */,
				D0D034C628446A2C00716FE0 /* HistoryView */,
				D0D034BC284403EC00716FE0 /* Assets.xcassets */,
				D0D034BE284403EC00716FE0 /* Preview Content */,
			);
			path = HuliPizza;
			sourceTree = "<group>";
		};
		D0D034BE284403EC00716FE0 /* Preview Content */ = {
			isa = PBXGroup;
			children = (
				D0D034BF284403EC00716FE0 /* Preview Assets.xcassets */,
			);
			path = "Preview Content";
			sourceTree = "<group>";
		};
		D0D034C628446A2C00716FE0 /* HistoryView */ = {
			isa = PBXGroup;
			children = (
				D0D034DA2844726900716FE0 /* HistoryPageView.swift */,
				D0D034DC284473B600716FE0 /* HistoryItem.swift */,
				D0D034DE2844751200716FE0 /* HistoryListView.swift */,
			);
			path = HistoryView;
			sourceTree = "<group>";
		};
		D0D034C728446A4300716FE0 /* Model */ = {
			isa = PBXGroup;
			children = (
			);
			path = Model;
			sourceTree = "<group>";
		};
		D0D034C828446A5C00716FE0 /* MenuView */ = {
			isa = PBXGroup;
			children = (
				D0D034CD28446C5600716FE0 /* MenuListView.swift */,
				D0D034D428446FAA00716FE0 /* MenuItem.swift */,
				D0D034D62844702A00716FE0 /* RatingView.swift */,
			);
			path = MenuView;
			sourceTree = "<group>";
		};
		D0D034C928446A7800716FE0 /* OrderView */ = {
			isa = PBXGroup;
			children = (
				D0D034CB28446AE300716FE0 /* OrderListView.swift */,
				D0D034D228446F3C00716FE0 /* OrderItem.swift */,
			);
			path = OrderView;
			sourceTree = "<group>";
		};
		D0D034CF28446D2F00716FE0 /* CommonViews */ = {
			isa = PBXGroup;
			children = (
				D0D034D028446D4900716FE0 /* Header.swift */,
				D0D034D82844714300716FE0 /* PageTitleView.swift */,
				D0D034E02844768500716FE0 /* ListHeaderView.swift */,
				D05BAEA02844D5260087754A /* SelectedImageView.swift */,
			);
			path = CommonViews;
			sourceTree = "<group>";
		};
/* End PBXGroup section */

/* Begin PBXNativeTarget section */
		D0D034B4284403DA00716FE0 /* HuliPizza */ = {
			isa = PBXNativeTarget;
			buildConfigurationList = D0D034C3284403EC00716FE0 /* Build configuration list for PBXNativeTarget "HuliPizza" */;
			buildPhases = (
				D0D034B1284403DA00716FE0 /* Sources */,
				D0D034B2284403DA00716FE0 /* Frameworks */,
				D0D034B3284403DA00716FE0 /* Resources */,
			);
			buildRules = (
			);
			dependencies = (
			);
			name = HuliPizza;
			productName = HuliPizza;
			productReference = D0D034B5284403DA00716FE0 /* HuliPizza.app */;
			productType = "com.apple.product-type.application";
		};
/* End PBXNativeTarget section */

/* Begin PBXProject section */
		D0D034AD284403DA00716FE0 /* Project object */ = {
			isa = PBXProject;
			attributes = {
				BuildIndependentTargetsInParallel = 1;
				LastSwiftUpdateCheck = 1330;
				LastUpgradeCheck = 1330;
				TargetAttributes = {
					D0D034B4284403DA00716FE0 = {
						CreatedOnToolsVersion = 13.3.1;
					};
				};
			};
			buildConfigurationList = D0D034B0284403DA00716FE0 /* Build configuration list for PBXProject "HuliPizza" */;
			compatibilityVersion = "Xcode 13.0";
			developmentRegion = en;
			hasScannedForEncodings = 0;
			knownRegions = (
				en,
				Base,
			);
			mainGroup = D0D034AC284403DA00716FE0;
			productRefGroup = D0D034B6284403DA00716FE0 /* Products */;
			projectDirPath = "";
			projectRoot = "";
			targets = (
				D0D034B4284403DA00716FE0 /* HuliPizza */,
			);
		};
/* End PBXProject section */

/* Begin PBXResourcesBuildPhase section */
		D0D034B3284403DA00716FE0 /* Resources */ = {
			isa = PBXResourcesBuildPhase;
			buildActionMask = 2147483647;
			files = (
				D0D034C0284403EC00716FE0 /* Preview Assets.xcassets in Resources */,
				D0D034BD284403EC00716FE0 /* Assets.xcassets in Resources */,
			);
			runOnlyForDeploymentPostprocessing = 0;
		};
/* End PBXResourcesBuildPhase section */

/* Begin PBXSourcesBuildPhase section */
		D0D034B1284403DA00716FE0 /* Sources */ = {
			isa = PBXSourcesBuildPhase;
			buildActionMask = 2147483647;
			files = (
				D0D034D528446FAA00716FE0 /* MenuItem.swift in Sources */,
				D0D034D128446D4900716FE0 /* Header.swift in Sources */,
				D0D034DB2844726900716FE0 /* HistoryPageView.swift in Sources */,
				D0D034DD284473B600716FE0 /* HistoryItem.swift in Sources */,
				D0D034BB284403DA00716FE0 /* ContentView.swift in Sources */,
				D0D034D72844702A00716FE0 /* RatingView.swift in Sources */,
				D0D034CE28446C5600716FE0 /* MenuListView.swift in Sources */,
				D0D034B9284403DA00716FE0 /* HuliPizzaApp.swift in Sources */,
				D0D034D92844714300716FE0 /* PageTitleView.swift in Sources */,
				D05BAEA12844D5260087754A /* SelectedImageView.swift in Sources */,
				D0D034DF2844751200716FE0 /* HistoryListView.swift in Sources */,
				D0D034E12844768600716FE0 /* ListHeaderView.swift in Sources */,
				D0D034CC28446AE300716FE0 /* OrderListView.swift in Sources */,
				D0D034D328446F3C00716FE0 /* OrderItem.swift in Sources */,
			);
			runOnlyForDeploymentPostprocessing = 0;
		};
/* End PBXSourcesBuildPhase section */

/* Begin XCBuildConfiguration section */
		D0D034C1284403EC00716FE0 /* Debug */ = {
			isa = XCBuildConfiguration;
			buildSettings = {
				ALWAYS_SEARCH_USER_PATHS = NO;
				CLANG_ANALYZER_NONNULL = YES;
				CLANG_ANALYZER_NUMBER_OBJECT_CONVERSION = YES_AGGRESSIVE;
				CLANG_CXX_LANGUAGE_STANDARD = "gnu++17";
				CLANG_ENABLE_MODULES = YES;
				CLANG_ENABLE_OBJC_ARC = YES;
				CLANG_ENABLE_OBJC_WEAK = YES;
				CLANG_WARN_BLOCK_CAPTURE_AUTORELEASING = YES;
				CLANG_WARN_BOOL_CONVERSION = YES;
				CLANG_WARN_COMMA = YES;
				CLANG_WARN_CONSTANT_CONVERSION = YES;
				CLANG_WARN_DEPRECATED_OBJC_IMPLEMENTATIONS = YES;
				CLANG_WARN_DIRECT_OBJC_ISA_USAGE = YES_ERROR;
				CLANG_WARN_DOCUMENTATION_COMMENTS = YES;
				CLANG_WARN_EMPTY_BODY = YES;
				CLANG_WARN_ENUM_CONVERSION = YES;
				CLANG_WARN_INFINITE_RECURSION = YES;
				CLANG_WARN_INT_CONVERSION = YES;
				CLANG_WARN_NON_LITERAL_NULL_CONVERSION = YES;
				CLANG_WARN_OBJC_IMPLICIT_RETAIN_SELF = YES;
				CLANG_WARN_OBJC_LITERAL_CONVERSION = YES;
				CLANG_WARN_OBJC_ROOT_CLASS = YES_ERROR;
				CLANG_WARN_QUOTED_INCLUDE_IN_FRAMEWORK_HEADER = YES;
				CLANG_WARN_RANGE_LOOP_ANALYSIS = YES;
				CLANG_WARN_STRICT_PROTOTYPES = YES;
				CLANG_WARN_SUSPICIOUS_MOVE = YES;
				CLANG_WARN_UNGUARDED_AVAILABILITY = YES_AGGRESSIVE;
				CLANG_WARN_UNREACHABLE_CODE = YES;
				CLANG_WARN__DUPLICATE_METHOD_MATCH = YES;
				COPY_PHASE_STRIP = NO;
				DEBUG_INFORMATION_FORMAT = dwarf;
				ENABLE_STRICT_OBJC_MSGSEND = YES;
				ENABLE_TESTABILITY = YES;
				GCC_C_LANGUAGE_STANDARD = gnu11;
				GCC_DYNAMIC_NO_PIC = NO;
				GCC_NO_COMMON_BLOCKS = YES;
				GCC_OPTIMIZATION_LEVEL = 0;
				GCC_PREPROCESSOR_DEFINITIONS = (
					"DEBUG=1",
					"$(inherited)",
				);
				GCC_WARN_64_TO_32_BIT_CONVERSION = YES;
				GCC_WARN_ABOUT_RETURN_TYPE = YES_ERROR;
				GCC_WARN_UNDECLARED_SELECTOR = YES;
				GCC_WARN_UNINITIALIZED_AUTOS = YES_AGGRESSIVE;
				GCC_WARN_UNUSED_FUNCTION = YES;
				GCC_WARN_UNUSED_VARIABLE = YES;
				IPHONEOS_DEPLOYMENT_TARGET = 15.4;
				MTL_ENABLE_DEBUG_INFO = INCLUDE_SOURCE;
				MTL_FAST_MATH = YES;
				ONLY_ACTIVE_ARCH = YES;
				SDKROOT = iphoneos;
				SWIFT_ACTIVE_COMPILATION_CONDITIONS = DEBUG;
				SWIFT_OPTIMIZATION_LEVEL = "-Onone";
			};
			name = Debug;
		};
		D0D034C2284403EC00716FE0 /* Release */ = {
			isa = XCBuildConfiguration;
			buildSettings = {
				ALWAYS_SEARCH_USER_PATHS = NO;
				CLANG_ANALYZER_NONNULL = YES;
				CLANG_ANALYZER_NUMBER_OBJECT_CONVERSION = YES_AGGRESSIVE;
				CLANG_CXX_LANGUAGE_STANDARD = "gnu++17";
				CLANG_ENABLE_MODULES = YES;
				CLANG_ENABLE_OBJC_ARC = YES;
				CLANG_ENABLE_OBJC_WEAK = YES;
				CLANG_WARN_BLOCK_CAPTURE_AUTORELEASING = YES;
				CLANG_WARN_BOOL_CONVERSION = YES;
				CLANG_WARN_COMMA = YES;
				CLANG_WARN_CONSTANT_CONVERSION = YES;
				CLANG_WARN_DEPRECATED_OBJC_IMPLEMENTATIONS = YES;
				CLANG_WARN_DIRECT_OBJC_ISA_USAGE = YES_ERROR;
				CLANG_WARN_DOCUMENTATION_COMMENTS = YES;
				CLANG_WARN_EMPTY_BODY = YES;
				CLANG_WARN_ENUM_CONVERSION = YES;
				CLANG_WARN_INFINITE_RECURSION = YES;
				CLANG_WARN_INT_CONVERSION = YES;
				CLANG_WARN_NON_LITERAL_NULL_CONVERSION = YES;
				CLANG_WARN_OBJC_IMPLICIT_RETAIN_SELF = YES;
				CLANG_WARN_OBJC_LITERAL_CONVERSION = YES;
				CLANG_WARN_OBJC_ROOT_CLASS = YES_ERROR;
				CLANG_WARN_QUOTED_INCLUDE_IN_FRAMEWORK_HEADER = YES;
				CLANG_WARN_RANGE_LOOP_ANALYSIS = YES;
				CLANG_WARN_STRICT_PROTOTYPES = YES;
				CLANG_WARN_SUSPICIOUS_MOVE = YES;
				CLANG_WARN_UNGUARDED_AVAILABILITY = YES_AGGRESSIVE;
				CLANG_WARN_UNREACHABLE_CODE = YES;
				CLANG_WARN__DUPLICATE_METHOD_MATCH = YES;
				COPY_PHASE_STRIP = NO;
				DEBUG_INFORMATION_FORMAT = "dwarf-with-dsym";
				ENABLE_NS_ASSERTIONS = NO;
				ENABLE_STRICT_OBJC_MSGSEND = YES;
				GCC_C_LANGUAGE_STANDARD = gnu11;
				GCC_NO_COMMON_BLOCKS = YES;
				GCC_WARN_64_TO_32_BIT_CONVERSION = YES;
				GCC_WARN_ABOUT_RETURN_TYPE = YES_ERROR;
				GCC_WARN_UNDECLARED_SELECTOR = YES;
				GCC_WARN_UNINITIALIZED_AUTOS = YES_AGGRESSIVE;
				GCC_WARN_UNUSED_FUNCTION = YES;
				GCC_WARN_UNUSED_VARIABLE = YES;
				IPHONEOS_DEPLOYMENT_TARGET = 15.4;
				MTL_ENABLE_DEBUG_INFO = NO;
				MTL_FAST_MATH = YES;
				SDKROOT = iphoneos;
				SWIFT_COMPILATION_MODE = wholemodule;
				SWIFT_OPTIMIZATION_LEVEL = "-O";
				VALIDATE_PRODUCT = YES;
			};
			name = Release;
		};
		D0D034C4284403EC00716FE0 /* Debug */ = {
			isa = XCBuildConfiguration;
			buildSettings = {
				ASSETCATALOG_COMPILER_APPICON_NAME = AppIcon;
				ASSETCATALOG_COMPILER_GLOBAL_ACCENT_COLOR_NAME = AccentColor;
				CODE_SIGN_STYLE = Automatic;
				CURRENT_PROJECT_VERSION = 1;
				DEVELOPMENT_ASSET_PATHS = "\"HuliPizza/Preview Content\"";
				DEVELOPMENT_TEAM = 28R2P4Y8AC;
				ENABLE_PREVIEWS = YES;
				GENERATE_INFOPLIST_FILE = YES;
				INFOPLIST_KEY_UIApplicationSceneManifest_Generation = YES;
				INFOPLIST_KEY_UIApplicationSupportsIndirectInputEvents = YES;
				INFOPLIST_KEY_UILaunchScreen_Generation = YES;
				INFOPLIST_KEY_UISupportedInterfaceOrientations_iPad = "UIInterfaceOrientationPortrait UIInterfaceOrientationPortraitUpsideDown UIInterfaceOrientationLandscapeLeft UIInterfaceOrientationLandscapeRight";
				INFOPLIST_KEY_UISupportedInterfaceOrientations_iPhone = "UIInterfaceOrientationPortrait UIInterfaceOrientationLandscapeLeft UIInterfaceOrientationLandscapeRight";
				LD_RUNPATH_SEARCH_PATHS = (
					"$(inherited)",
					"@executable_path/Frameworks",
				);
				MARKETING_VERSION = 1.0;
				PRODUCT_BUNDLE_IDENTIFIER = com.edu.duncank.HuliPizza;
				PRODUCT_NAME = "$(TARGET_NAME)";
				SWIFT_EMIT_LOC_STRINGS = YES;
				SWIFT_VERSION = 5.0;
				TARGETED_DEVICE_FAMILY = "1,2";
			};
			name = Debug;
		};
		D0D034C5284403EC00716FE0 /* Release */ = {
			isa = XCBuildConfiguration;
			buildSettings = {
				ASSETCATALOG_COMPILER_APPICON_NAME = AppIcon;
				ASSETCATALOG_COMPILER_GLOBAL_ACCENT_COLOR_NAME = AccentColor;
				CODE_SIGN_STYLE = Automatic;
				CURRENT_PROJECT_VERSION = 1;
				DEVELOPMENT_ASSET_PATHS = "\"HuliPizza/Preview Content\"";
				DEVELOPMENT_TEAM = 28R2P4Y8AC;
				ENABLE_PREVIEWS = YES;
				GENERATE_INFOPLIST_FILE = YES;
				INFOPLIST_KEY_UIApplicationSceneManifest_Generation = YES;
				INFOPLIST_KEY_UIApplicationSupportsIndirectInputEvents = YES;
				INFOPLIST_KEY_UILaunchScreen_Generation = YES;
				INFOPLIST_KEY_UISupportedInterfaceOrientations_iPad = "UIInterfaceOrientationPortrait UIInterfaceOrientationPortraitUpsideDown UIInterfaceOrientationLandscapeLeft UIInterfaceOrientationLandscapeRight";
				INFOPLIST_KEY_UISupportedInterfaceOrientations_iPhone = "UIInterfaceOrientationPortrait UIInterfaceOrientationLandscapeLeft UIInterfaceOrientationLandscapeRight";
				LD_RUNPATH_SEARCH_PATHS = (
					"$(inherited)",
					"@executable_path/Frameworks",
				);
				MARKETING_VERSION = 1.0;
				PRODUCT_BUNDLE_IDENTIFIER = com.edu.duncank.HuliPizza;
				PRODUCT_NAME = "$(TARGET_NAME)";
				SWIFT_EMIT_LOC_STRINGS = YES;
				SWIFT_VERSION = 5.0;
				TARGETED_DEVICE_FAMILY = "1,2";
			};
			name = Release;
		};
/* End XCBuildConfiguration section */

/* Begin XCConfigurationList section */
		D0D034B0284403DA00716FE0 /* Build configuration list for PBXProject "HuliPizza" */ = {
			isa = XCConfigurationList;
			buildConfigurations = (
				D0D034C1284403EC00716FE0 /* Debug */,
				D0D034C2284403EC00716FE0 /* Release */,
			);
			defaultConfigurationIsVisible = 0;
			defaultConfigurationName = Release;
		};
		D0D034C3284403EC00716FE0 /* Build configuration list for PBXNativeTarget "HuliPizza" */ = {
			isa = XCConfigurationList;
			buildConfigurations = (
				D0D034C4284403EC00716FE0 /* Debug */,
				D0D034C5284403EC00716FE0 /* Release */,
			);
			defaultConfigurationIsVisible = 0;
			defaultConfigurationName = Release;
		};
/* End XCConfigurationList section */
	};
	rootObject = D0D034AD284403DA00716FE0 /* Project object */;
}
